{
  "version": 4,
  "terraform_version": "1.9.7",
  "serial": 1,
  "lineage": "03440987-f26a-1537-839b-599a0d10f986",
  "outputs": {},
  "resources": [
    {
      "mode": "managed",
      "type": "grafana_folder",
      "name": "amx",
      "provider": "provider[\"registry.terraform.io/grafana/grafana\"]",
      "instances": [
        {
          "schema_version": 0,
          "attributes": {
            "id": "0:cf270hqc4almoe",
            "org_id": "0",
            "parent_folder_uid": "",
            "prevent_destroy_if_not_empty": false,
            "title": "AMXtest",
            "uid": "cf270hqc4almoe",
            "url": "https://grafanaops.airlinq.com:3000/dashboards/f/cf270hqc4almoe/amxtest"
          },
          "sensitive_attributes": [],
          "private": "bnVsbA=="
        }
      ]
    }
  ],
  "check_results": null
}
